
Microsoft Visual Studio Solution File, Format Version 12.00
# Visual Studio Version 17
VisualStudioVersion = 17.12.35527.113 d17.12
MinimumVisualStudioVersion = 10.0.40219.1
Project("{FAE04EC0-301F-11D3-BF4B-00C04F79EFBC}") = "PatikaPractice4", "PatikaPractice4\PatikaPractice4.csproj", "{933AB20D-434D-49B1-B411-C0A43DF3DD2B}"
EndProject
Global
	GlobalSection(SolutionConfigurationPlatforms) = preSolution
		Debug|Any CPU = Debug|Any CPU
		Release|Any CPU = Release|Any CPU
	EndGlobalSection
	GlobalSection(ProjectConfigurationPlatforms) = postSolution
		{933AB20D-434D-49B1-B411-C0A43DF3DD2B}.Debug|Any CPU.ActiveCfg = Debug|Any CPU
		{933AB20D-434D-49B1-B411-C0A43DF3DD2B}.Debug|Any CPU.Build.0 = Debug|Any CPU
		{933AB20D-434D-49B1-B411-C0A43DF3DD2B}.Release|Any CPU.ActiveCfg = Release|Any CPU
		{933AB20D-434D-49B1-B411-C0A43DF3DD2B}.Release|Any CPU.Build.0 = Release|Any CPU
	EndGlobalSection
	GlobalSection(SolutionProperties) = preSolution
		HideSolutionNode = FALSE
	EndGlobalSection
EndGlobal
